
Microsoft Visual Studio Solution File, Format Version 12.00
# Visual Studio Version 16
VisualStudioVersion = 16.0.31613.86
MinimumVisualStudioVersion = 10.0.40219.1
Project("{FAE04EC0-301F-11D3-BF4B-00C04F79EFBC}") = "ReportAtRuntimeMvcApp", "ReportAtRuntimeMvcApp\ReportAtRuntimeMvcApp.csproj", "{7A905755-1193-435D-A546-2F2A78C01C81}"
EndProject
Global
	GlobalSection(SolutionConfigurationPlatforms) = preSolution
		Debug|Any CPU = Debug|Any CPU
		Release|Any CPU = Release|Any CPU
	EndGlobalSection
	GlobalSection(ProjectConfigurationPlatforms) = postSolution
		{7A905755-1193-435D-A546-2F2A78C01C81}.Debug|Any CPU.ActiveCfg = Debug|Any CPU
		{7A905755-1193-435D-A546-2F2A78C01C81}.Debug|Any CPU.Build.0 = Debug|Any CPU
		{7A905755-1193-435D-A546-2F2A78C01C81}.Release|Any CPU.ActiveCfg = Release|Any CPU
		{7A905755-1193-435D-A546-2F2A78C01C81}.Release|Any CPU.Build.0 = Release|Any CPU
	EndGlobalSection
	GlobalSection(SolutionProperties) = preSolution
		HideSolutionNode = FALSE
	EndGlobalSection
	GlobalSection(ExtensibilityGlobals) = postSolution
		SolutionGuid = {BAD65AEB-1435-4E5E-9ED0-62C751FF4458}
	EndGlobalSection
EndGlobal
